{
<<<<<<< HEAD
  "name": "ddl-demo",
=======
  "name": "test",
>>>>>>> c3cf416429a674607d4b9c62205ff3b86569a403
  "version": "1.0.0",
  "lockfileVersion": 1,
  "requires": true,
  "dependencies": {
    "lodash": {
      "version": "4.17.14",
<<<<<<< HEAD
      "resolved": "https://registry.npm.taobao.org/lodash/download/lodash-4.17.14.tgz?cache=0&other_urls=https%3A%2F%2Fregistry.npm.taobao.org%2Flodash%2Fdownload%2Flodash-4.17.14.tgz",
      "integrity": "sha1-nOSHrmbJYlT+ILWZ8htoFgKAeLo="
=======
      "resolved": "https://registry.npmjs.org/lodash/-/lodash-4.17.14.tgz",
      "integrity": "sha512-mmKYbW3GLuJeX+iGP+Y7Gp1AiGHGbXHCOh/jZmrawMmsE7MS4znI3RL2FsjbqOyMayHInjOeykW7PEajUk1/xw=="
>>>>>>> c3cf416429a674607d4b9c62205ff3b86569a403
    }
  }
}
